
Microsoft Visual Studio Solution File, Format Version 12.00
# Visual Studio Version 17
VisualStudioVersion = 17.0.31903.59
MinimumVisualStudioVersion = 10.0.40219.1
Project("{FAE04EC0-301F-11D3-BF4B-00C04F79EFBC}") = "CommandLib", "CommandLib\CommandLib.csproj", "{5723DE40-ED08-4546-BBCC-58CE6DA04C0C}"
EndProject
Project("{FAE04EC0-301F-11D3-BF4B-00C04F79EFBC}") = "PluginA", "PluginA\PluginA.csproj", "{E33DEB52-6F91-448E-860D-D5C3BA12D009}"
EndProject
Project("{FAE04EC0-301F-11D3-BF4B-00C04F79EFBC}") = "PluginB", "PluginB\PluginB.csproj", "{6CA98ABF-E7F9-49BC-AF74-E72C6ACEC657}"
EndProject
Project("{FAE04EC0-301F-11D3-BF4B-00C04F79EFBC}") = "PluginC", "PluginC\PluginC.csproj", "{FDFD99E3-E9C1-4391-82F2-1C7797AFA5A3}"
EndProject
Project("{FAE04EC0-301F-11D3-BF4B-00C04F79EFBC}") = "PluginRunner", "PluginRunner\PluginRunner.csproj", "{110A587F-E208-4CBB-A7FA-99D40FFD4F8D}"
EndProject
Project("{FAE04EC0-301F-11D3-BF4B-00C04F79EFBC}") = "task10tests", "task10tests\task10tests.csproj", "{20C326C5-2B08-45CC-B148-DD349D686E8E}"
EndProject
Global
	GlobalSection(SolutionProperties) = preSolution
		HideSolutionNode = FALSE
	EndGlobalSection
	GlobalSection(SolutionConfigurationPlatforms) = preSolution
		Debug|Any CPU = Debug|Any CPU
		Debug|x64 = Debug|x64
		Debug|x86 = Debug|x86
		Release|Any CPU = Release|Any CPU
		Release|x64 = Release|x64
		Release|x86 = Release|x86
	EndGlobalSection
	GlobalSection(ProjectConfigurationPlatforms) = postSolution
		{FFDDACDE-E6B9-4862-842E-3B91FDF3C470}.Debug|Any CPU.ActiveCfg = Debug|Any CPU
		{FFDDACDE-E6B9-4862-842E-3B91FDF3C470}.Debug|Any CPU.Build.0 = Debug|Any CPU
		{FFDDACDE-E6B9-4862-842E-3B91FDF3C470}.Debug|x64.ActiveCfg = Debug|Any CPU
		{FFDDACDE-E6B9-4862-842E-3B91FDF3C470}.Debug|x64.Build.0 = Debug|Any CPU
		{FFDDACDE-E6B9-4862-842E-3B91FDF3C470}.Debug|x86.ActiveCfg = Debug|Any CPU
		{FFDDACDE-E6B9-4862-842E-3B91FDF3C470}.Debug|x86.Build.0 = Debug|Any CPU
		{FFDDACDE-E6B9-4862-842E-3B91FDF3C470}.Release|Any CPU.ActiveCfg = Release|Any CPU
		{FFDDACDE-E6B9-4862-842E-3B91FDF3C470}.Release|Any CPU.Build.0 = Release|Any CPU
		{FFDDACDE-E6B9-4862-842E-3B91FDF3C470}.Release|x64.ActiveCfg = Release|Any CPU
		{FFDDACDE-E6B9-4862-842E-3B91FDF3C470}.Release|x64.Build.0 = Release|Any CPU
		{FFDDACDE-E6B9-4862-842E-3B91FDF3C470}.Release|x86.ActiveCfg = Release|Any CPU
		{FFDDACDE-E6B9-4862-842E-3B91FDF3C470}.Release|x86.Build.0 = Release|Any CPU
		{5723DE40-ED08-4546-BBCC-58CE6DA04C0C}.Debug|Any CPU.ActiveCfg = Debug|Any CPU
		{5723DE40-ED08-4546-BBCC-58CE6DA04C0C}.Debug|Any CPU.Build.0 = Debug|Any CPU
		{5723DE40-ED08-4546-BBCC-58CE6DA04C0C}.Debug|x64.ActiveCfg = Debug|Any CPU
		{5723DE40-ED08-4546-BBCC-58CE6DA04C0C}.Debug|x64.Build.0 = Debug|Any CPU
		{5723DE40-ED08-4546-BBCC-58CE6DA04C0C}.Debug|x86.ActiveCfg = Debug|Any CPU
		{5723DE40-ED08-4546-BBCC-58CE6DA04C0C}.Debug|x86.Build.0 = Debug|Any CPU
		{5723DE40-ED08-4546-BBCC-58CE6DA04C0C}.Release|Any CPU.ActiveCfg = Release|Any CPU
		{5723DE40-ED08-4546-BBCC-58CE6DA04C0C}.Release|Any CPU.Build.0 = Release|Any CPU
		{5723DE40-ED08-4546-BBCC-58CE6DA04C0C}.Release|x64.ActiveCfg = Release|Any CPU
		{5723DE40-ED08-4546-BBCC-58CE6DA04C0C}.Release|x64.Build.0 = Release|Any CPU
		{5723DE40-ED08-4546-BBCC-58CE6DA04C0C}.Release|x86.ActiveCfg = Release|Any CPU
		{5723DE40-ED08-4546-BBCC-58CE6DA04C0C}.Release|x86.Build.0 = Release|Any CPU
		{4A246B44-CF10-4880-9602-D3CB2F398984}.Debug|Any CPU.ActiveCfg = Debug|Any CPU
		{4A246B44-CF10-4880-9602-D3CB2F398984}.Debug|Any CPU.Build.0 = Debug|Any CPU
		{4A246B44-CF10-4880-9602-D3CB2F398984}.Debug|x64.ActiveCfg = Debug|Any CPU
		{4A246B44-CF10-4880-9602-D3CB2F398984}.Debug|x64.Build.0 = Debug|Any CPU
		{4A246B44-CF10-4880-9602-D3CB2F398984}.Debug|x86.ActiveCfg = Debug|Any CPU
		{4A246B44-CF10-4880-9602-D3CB2F398984}.Debug|x86.Build.0 = Debug|Any CPU
		{4A246B44-CF10-4880-9602-D3CB2F398984}.Release|Any CPU.ActiveCfg = Release|Any CPU
		{4A246B44-CF10-4880-9602-D3CB2F398984}.Release|Any CPU.Build.0 = Release|Any CPU
		{4A246B44-CF10-4880-9602-D3CB2F398984}.Release|x64.ActiveCfg = Release|Any CPU
		{4A246B44-CF10-4880-9602-D3CB2F398984}.Release|x64.Build.0 = Release|Any CPU
		{4A246B44-CF10-4880-9602-D3CB2F398984}.Release|x86.ActiveCfg = Release|Any CPU
		{4A246B44-CF10-4880-9602-D3CB2F398984}.Release|x86.Build.0 = Release|Any CPU
		{51B072F1-1224-45B6-87D2-21E71054FF2D}.Debug|Any CPU.ActiveCfg = Debug|Any CPU
		{51B072F1-1224-45B6-87D2-21E71054FF2D}.Debug|Any CPU.Build.0 = Debug|Any CPU
		{51B072F1-1224-45B6-87D2-21E71054FF2D}.Debug|x64.ActiveCfg = Debug|Any CPU
		{51B072F1-1224-45B6-87D2-21E71054FF2D}.Debug|x64.Build.0 = Debug|Any CPU
		{51B072F1-1224-45B6-87D2-21E71054FF2D}.Debug|x86.ActiveCfg = Debug|Any CPU
		{51B072F1-1224-45B6-87D2-21E71054FF2D}.Debug|x86.Build.0 = Debug|Any CPU
		{51B072F1-1224-45B6-87D2-21E71054FF2D}.Release|Any CPU.ActiveCfg = Release|Any CPU
		{51B072F1-1224-45B6-87D2-21E71054FF2D}.Release|Any CPU.Build.0 = Release|Any CPU
		{51B072F1-1224-45B6-87D2-21E71054FF2D}.Release|x64.ActiveCfg = Release|Any CPU
		{51B072F1-1224-45B6-87D2-21E71054FF2D}.Release|x64.Build.0 = Release|Any CPU
		{51B072F1-1224-45B6-87D2-21E71054FF2D}.Release|x86.ActiveCfg = Release|Any CPU
		{51B072F1-1224-45B6-87D2-21E71054FF2D}.Release|x86.Build.0 = Release|Any CPU
		{E33DEB52-6F91-448E-860D-D5C3BA12D009}.Debug|Any CPU.ActiveCfg = Debug|Any CPU
		{E33DEB52-6F91-448E-860D-D5C3BA12D009}.Debug|Any CPU.Build.0 = Debug|Any CPU
		{E33DEB52-6F91-448E-860D-D5C3BA12D009}.Debug|x64.ActiveCfg = Debug|Any CPU
		{E33DEB52-6F91-448E-860D-D5C3BA12D009}.Debug|x64.Build.0 = Debug|Any CPU
		{E33DEB52-6F91-448E-860D-D5C3BA12D009}.Debug|x86.ActiveCfg = Debug|Any CPU
		{E33DEB52-6F91-448E-860D-D5C3BA12D009}.Debug|x86.Build.0 = Debug|Any CPU
		{E33DEB52-6F91-448E-860D-D5C3BA12D009}.Release|Any CPU.ActiveCfg = Release|Any CPU
		{E33DEB52-6F91-448E-860D-D5C3BA12D009}.Release|Any CPU.Build.0 = Release|Any CPU
		{E33DEB52-6F91-448E-860D-D5C3BA12D009}.Release|x64.ActiveCfg = Release|Any CPU
		{E33DEB52-6F91-448E-860D-D5C3BA12D009}.Release|x64.Build.0 = Release|Any CPU
		{E33DEB52-6F91-448E-860D-D5C3BA12D009}.Release|x86.ActiveCfg = Release|Any CPU
		{E33DEB52-6F91-448E-860D-D5C3BA12D009}.Release|x86.Build.0 = Release|Any CPU
		{6CA98ABF-E7F9-49BC-AF74-E72C6ACEC657}.Debug|Any CPU.ActiveCfg = Debug|Any CPU
		{6CA98ABF-E7F9-49BC-AF74-E72C6ACEC657}.Debug|Any CPU.Build.0 = Debug|Any CPU
		{6CA98ABF-E7F9-49BC-AF74-E72C6ACEC657}.Debug|x64.ActiveCfg = Debug|Any CPU
		{6CA98ABF-E7F9-49BC-AF74-E72C6ACEC657}.Debug|x64.Build.0 = Debug|Any CPU
		{6CA98ABF-E7F9-49BC-AF74-E72C6ACEC657}.Debug|x86.ActiveCfg = Debug|Any CPU
		{6CA98ABF-E7F9-49BC-AF74-E72C6ACEC657}.Debug|x86.Build.0 = Debug|Any CPU
		{6CA98ABF-E7F9-49BC-AF74-E72C6ACEC657}.Release|Any CPU.ActiveCfg = Release|Any CPU
		{6CA98ABF-E7F9-49BC-AF74-E72C6ACEC657}.Release|Any CPU.Build.0 = Release|Any CPU
		{6CA98ABF-E7F9-49BC-AF74-E72C6ACEC657}.Release|x64.ActiveCfg = Release|Any CPU
		{6CA98ABF-E7F9-49BC-AF74-E72C6ACEC657}.Release|x64.Build.0 = Release|Any CPU
		{6CA98ABF-E7F9-49BC-AF74-E72C6ACEC657}.Release|x86.ActiveCfg = Release|Any CPU
		{6CA98ABF-E7F9-49BC-AF74-E72C6ACEC657}.Release|x86.Build.0 = Release|Any CPU
		{FDFD99E3-E9C1-4391-82F2-1C7797AFA5A3}.Debug|Any CPU.ActiveCfg = Debug|Any CPU
		{FDFD99E3-E9C1-4391-82F2-1C7797AFA5A3}.Debug|Any CPU.Build.0 = Debug|Any CPU
		{FDFD99E3-E9C1-4391-82F2-1C7797AFA5A3}.Debug|x64.ActiveCfg = Debug|Any CPU
		{FDFD99E3-E9C1-4391-82F2-1C7797AFA5A3}.Debug|x64.Build.0 = Debug|Any CPU
		{FDFD99E3-E9C1-4391-82F2-1C7797AFA5A3}.Debug|x86.ActiveCfg = Debug|Any CPU
		{FDFD99E3-E9C1-4391-82F2-1C7797AFA5A3}.Debug|x86.Build.0 = Debug|Any CPU
		{FDFD99E3-E9C1-4391-82F2-1C7797AFA5A3}.Release|Any CPU.ActiveCfg = Release|Any CPU
		{FDFD99E3-E9C1-4391-82F2-1C7797AFA5A3}.Release|Any CPU.Build.0 = Release|Any CPU
		{FDFD99E3-E9C1-4391-82F2-1C7797AFA5A3}.Release|x64.ActiveCfg = Release|Any CPU
		{FDFD99E3-E9C1-4391-82F2-1C7797AFA5A3}.Release|x64.Build.0 = Release|Any CPU
		{FDFD99E3-E9C1-4391-82F2-1C7797AFA5A3}.Release|x86.ActiveCfg = Release|Any CPU
		{FDFD99E3-E9C1-4391-82F2-1C7797AFA5A3}.Release|x86.Build.0 = Release|Any CPU
		{110A587F-E208-4CBB-A7FA-99D40FFD4F8D}.Debug|Any CPU.ActiveCfg = Debug|Any CPU
		{110A587F-E208-4CBB-A7FA-99D40FFD4F8D}.Debug|Any CPU.Build.0 = Debug|Any CPU
		{110A587F-E208-4CBB-A7FA-99D40FFD4F8D}.Debug|x64.ActiveCfg = Debug|Any CPU
		{110A587F-E208-4CBB-A7FA-99D40FFD4F8D}.Debug|x64.Build.0 = Debug|Any CPU
		{110A587F-E208-4CBB-A7FA-99D40FFD4F8D}.Debug|x86.ActiveCfg = Debug|Any CPU
		{110A587F-E208-4CBB-A7FA-99D40FFD4F8D}.Debug|x86.Build.0 = Debug|Any CPU
		{110A587F-E208-4CBB-A7FA-99D40FFD4F8D}.Release|Any CPU.ActiveCfg = Release|Any CPU
		{110A587F-E208-4CBB-A7FA-99D40FFD4F8D}.Release|Any CPU.Build.0 = Release|Any CPU
		{110A587F-E208-4CBB-A7FA-99D40FFD4F8D}.Release|x64.ActiveCfg = Release|Any CPU
		{110A587F-E208-4CBB-A7FA-99D40FFD4F8D}.Release|x64.Build.0 = Release|Any CPU
		{110A587F-E208-4CBB-A7FA-99D40FFD4F8D}.Release|x86.ActiveCfg = Release|Any CPU
		{110A587F-E208-4CBB-A7FA-99D40FFD4F8D}.Release|x86.Build.0 = Release|Any CPU
		{20C326C5-2B08-45CC-B148-DD349D686E8E}.Debug|Any CPU.ActiveCfg = Debug|Any CPU
		{20C326C5-2B08-45CC-B148-DD349D686E8E}.Debug|Any CPU.Build.0 = Debug|Any CPU
		{20C326C5-2B08-45CC-B148-DD349D686E8E}.Debug|x64.ActiveCfg = Debug|Any CPU
		{20C326C5-2B08-45CC-B148-DD349D686E8E}.Debug|x64.Build.0 = Debug|Any CPU
		{20C326C5-2B08-45CC-B148-DD349D686E8E}.Debug|x86.ActiveCfg = Debug|Any CPU
		{20C326C5-2B08-45CC-B148-DD349D686E8E}.Debug|x86.Build.0 = Debug|Any CPU
		{20C326C5-2B08-45CC-B148-DD349D686E8E}.Release|Any CPU.ActiveCfg = Release|Any CPU
		{20C326C5-2B08-45CC-B148-DD349D686E8E}.Release|Any CPU.Build.0 = Release|Any CPU
		{20C326C5-2B08-45CC-B148-DD349D686E8E}.Release|x64.ActiveCfg = Release|Any CPU
		{20C326C5-2B08-45CC-B148-DD349D686E8E}.Release|x64.Build.0 = Release|Any CPU
		{20C326C5-2B08-45CC-B148-DD349D686E8E}.Release|x86.ActiveCfg = Release|Any CPU
		{20C326C5-2B08-45CC-B148-DD349D686E8E}.Release|x86.Build.0 = Release|Any CPU
	EndGlobalSection
EndGlobal
