
Microsoft Visual Studio Solution File, Format Version 12.00
# Visual Studio Version 17
VisualStudioVersion = 17.0.31903.59
MinimumVisualStudioVersion = 10.0.40219.1
Project("{FAE04EC0-301F-11D3-BF4B-00C04F79EFBC}") = "task07", "task07\task07.csproj", "{85062DE7-DD54-4AAB-868C-0419C39151F6}"
EndProject
Project("{FAE04EC0-301F-11D3-BF4B-00C04F79EFBC}") = "task07tests", "task07tests\task07tests.csproj", "{15711187-8D36-4082-B259-05971C1B9251}"
EndProject
Project("{FAE04EC0-301F-11D3-BF4B-00C04F79EFBC}") = "CommandLib", "CommandLib\CommandLib.csproj", "{8C0F0278-2956-465F-AA42-E7D4F1722BDF}"
EndProject
Project("{FAE04EC0-301F-11D3-BF4B-00C04F79EFBC}") = "FileSystemCommands", "FileSystemCommands\FileSystemCommands.csproj", "{1DDC62A3-2827-4EF5-8666-A1A3E80261BA}"
EndProject
Project("{FAE04EC0-301F-11D3-BF4B-00C04F79EFBC}") = "CommandRunner", "CommandRunner\CommandRunner.csproj", "{39CA9A6D-62D2-43CA-98E8-8728DABB63D1}"
EndProject
Project("{FAE04EC0-301F-11D3-BF4B-00C04F79EFBC}") = "task08tests", "task08tests\task08tests.csproj", "{1AB0D67D-E4D7-449C-9A6F-1A627CE5D728}"
EndProject
Global
	GlobalSection(SolutionProperties) = preSolution
		HideSolutionNode = FALSE
	EndGlobalSection
	GlobalSection(SolutionConfigurationPlatforms) = preSolution
		Debug|Any CPU = Debug|Any CPU
		Debug|x64 = Debug|x64
		Debug|x86 = Debug|x86
		Release|Any CPU = Release|Any CPU
		Release|x64 = Release|x64
		Release|x86 = Release|x86
	EndGlobalSection
	GlobalSection(ProjectConfigurationPlatforms) = postSolution
		{85062DE7-DD54-4AAB-868C-0419C39151F6}.Debug|Any CPU.ActiveCfg = Debug|Any CPU
		{85062DE7-DD54-4AAB-868C-0419C39151F6}.Debug|Any CPU.Build.0 = Debug|Any CPU
		{85062DE7-DD54-4AAB-868C-0419C39151F6}.Debug|x64.ActiveCfg = Debug|Any CPU
		{85062DE7-DD54-4AAB-868C-0419C39151F6}.Debug|x64.Build.0 = Debug|Any CPU
		{85062DE7-DD54-4AAB-868C-0419C39151F6}.Debug|x86.ActiveCfg = Debug|Any CPU
		{85062DE7-DD54-4AAB-868C-0419C39151F6}.Debug|x86.Build.0 = Debug|Any CPU
		{85062DE7-DD54-4AAB-868C-0419C39151F6}.Release|Any CPU.ActiveCfg = Release|Any CPU
		{85062DE7-DD54-4AAB-868C-0419C39151F6}.Release|Any CPU.Build.0 = Release|Any CPU
		{85062DE7-DD54-4AAB-868C-0419C39151F6}.Release|x64.ActiveCfg = Release|Any CPU
		{85062DE7-DD54-4AAB-868C-0419C39151F6}.Release|x64.Build.0 = Release|Any CPU
		{85062DE7-DD54-4AAB-868C-0419C39151F6}.Release|x86.ActiveCfg = Release|Any CPU
		{85062DE7-DD54-4AAB-868C-0419C39151F6}.Release|x86.Build.0 = Release|Any CPU
		{15711187-8D36-4082-B259-05971C1B9251}.Debug|Any CPU.ActiveCfg = Debug|Any CPU
		{15711187-8D36-4082-B259-05971C1B9251}.Debug|Any CPU.Build.0 = Debug|Any CPU
		{15711187-8D36-4082-B259-05971C1B9251}.Debug|x64.ActiveCfg = Debug|Any CPU
		{15711187-8D36-4082-B259-05971C1B9251}.Debug|x64.Build.0 = Debug|Any CPU
		{15711187-8D36-4082-B259-05971C1B9251}.Debug|x86.ActiveCfg = Debug|Any CPU
		{15711187-8D36-4082-B259-05971C1B9251}.Debug|x86.Build.0 = Debug|Any CPU
		{15711187-8D36-4082-B259-05971C1B9251}.Release|Any CPU.ActiveCfg = Release|Any CPU
		{15711187-8D36-4082-B259-05971C1B9251}.Release|Any CPU.Build.0 = Release|Any CPU
		{15711187-8D36-4082-B259-05971C1B9251}.Release|x64.ActiveCfg = Release|Any CPU
		{15711187-8D36-4082-B259-05971C1B9251}.Release|x64.Build.0 = Release|Any CPU
		{15711187-8D36-4082-B259-05971C1B9251}.Release|x86.ActiveCfg = Release|Any CPU
		{15711187-8D36-4082-B259-05971C1B9251}.Release|x86.Build.0 = Release|Any CPU
		{8C0F0278-2956-465F-AA42-E7D4F1722BDF}.Debug|Any CPU.ActiveCfg = Debug|Any CPU
		{8C0F0278-2956-465F-AA42-E7D4F1722BDF}.Debug|Any CPU.Build.0 = Debug|Any CPU
		{8C0F0278-2956-465F-AA42-E7D4F1722BDF}.Debug|x64.ActiveCfg = Debug|Any CPU
		{8C0F0278-2956-465F-AA42-E7D4F1722BDF}.Debug|x64.Build.0 = Debug|Any CPU
		{8C0F0278-2956-465F-AA42-E7D4F1722BDF}.Debug|x86.ActiveCfg = Debug|Any CPU
		{8C0F0278-2956-465F-AA42-E7D4F1722BDF}.Debug|x86.Build.0 = Debug|Any CPU
		{8C0F0278-2956-465F-AA42-E7D4F1722BDF}.Release|Any CPU.ActiveCfg = Release|Any CPU
		{8C0F0278-2956-465F-AA42-E7D4F1722BDF}.Release|Any CPU.Build.0 = Release|Any CPU
		{8C0F0278-2956-465F-AA42-E7D4F1722BDF}.Release|x64.ActiveCfg = Release|Any CPU
		{8C0F0278-2956-465F-AA42-E7D4F1722BDF}.Release|x64.Build.0 = Release|Any CPU
		{8C0F0278-2956-465F-AA42-E7D4F1722BDF}.Release|x86.ActiveCfg = Release|Any CPU
		{8C0F0278-2956-465F-AA42-E7D4F1722BDF}.Release|x86.Build.0 = Release|Any CPU
		{1DDC62A3-2827-4EF5-8666-A1A3E80261BA}.Debug|Any CPU.ActiveCfg = Debug|Any CPU
		{1DDC62A3-2827-4EF5-8666-A1A3E80261BA}.Debug|Any CPU.Build.0 = Debug|Any CPU
		{1DDC62A3-2827-4EF5-8666-A1A3E80261BA}.Debug|x64.ActiveCfg = Debug|Any CPU
		{1DDC62A3-2827-4EF5-8666-A1A3E80261BA}.Debug|x64.Build.0 = Debug|Any CPU
		{1DDC62A3-2827-4EF5-8666-A1A3E80261BA}.Debug|x86.ActiveCfg = Debug|Any CPU
		{1DDC62A3-2827-4EF5-8666-A1A3E80261BA}.Debug|x86.Build.0 = Debug|Any CPU
		{1DDC62A3-2827-4EF5-8666-A1A3E80261BA}.Release|Any CPU.ActiveCfg = Release|Any CPU
		{1DDC62A3-2827-4EF5-8666-A1A3E80261BA}.Release|Any CPU.Build.0 = Release|Any CPU
		{1DDC62A3-2827-4EF5-8666-A1A3E80261BA}.Release|x64.ActiveCfg = Release|Any CPU
		{1DDC62A3-2827-4EF5-8666-A1A3E80261BA}.Release|x64.Build.0 = Release|Any CPU
		{1DDC62A3-2827-4EF5-8666-A1A3E80261BA}.Release|x86.ActiveCfg = Release|Any CPU
		{1DDC62A3-2827-4EF5-8666-A1A3E80261BA}.Release|x86.Build.0 = Release|Any CPU
		{39CA9A6D-62D2-43CA-98E8-8728DABB63D1}.Debug|Any CPU.ActiveCfg = Debug|Any CPU
		{39CA9A6D-62D2-43CA-98E8-8728DABB63D1}.Debug|Any CPU.Build.0 = Debug|Any CPU
		{39CA9A6D-62D2-43CA-98E8-8728DABB63D1}.Debug|x64.ActiveCfg = Debug|Any CPU
		{39CA9A6D-62D2-43CA-98E8-8728DABB63D1}.Debug|x64.Build.0 = Debug|Any CPU
		{39CA9A6D-62D2-43CA-98E8-8728DABB63D1}.Debug|x86.ActiveCfg = Debug|Any CPU
		{39CA9A6D-62D2-43CA-98E8-8728DABB63D1}.Debug|x86.Build.0 = Debug|Any CPU
		{39CA9A6D-62D2-43CA-98E8-8728DABB63D1}.Release|Any CPU.ActiveCfg = Release|Any CPU
		{39CA9A6D-62D2-43CA-98E8-8728DABB63D1}.Release|Any CPU.Build.0 = Release|Any CPU
		{39CA9A6D-62D2-43CA-98E8-8728DABB63D1}.Release|x64.ActiveCfg = Release|Any CPU
		{39CA9A6D-62D2-43CA-98E8-8728DABB63D1}.Release|x64.Build.0 = Release|Any CPU
		{39CA9A6D-62D2-43CA-98E8-8728DABB63D1}.Release|x86.ActiveCfg = Release|Any CPU
		{39CA9A6D-62D2-43CA-98E8-8728DABB63D1}.Release|x86.Build.0 = Release|Any CPU
		{1AB0D67D-E4D7-449C-9A6F-1A627CE5D728}.Debug|Any CPU.ActiveCfg = Debug|Any CPU
		{1AB0D67D-E4D7-449C-9A6F-1A627CE5D728}.Debug|Any CPU.Build.0 = Debug|Any CPU
		{1AB0D67D-E4D7-449C-9A6F-1A627CE5D728}.Debug|x64.ActiveCfg = Debug|Any CPU
		{1AB0D67D-E4D7-449C-9A6F-1A627CE5D728}.Debug|x64.Build.0 = Debug|Any CPU
		{1AB0D67D-E4D7-449C-9A6F-1A627CE5D728}.Debug|x86.ActiveCfg = Debug|Any CPU
		{1AB0D67D-E4D7-449C-9A6F-1A627CE5D728}.Debug|x86.Build.0 = Debug|Any CPU
		{1AB0D67D-E4D7-449C-9A6F-1A627CE5D728}.Release|Any CPU.ActiveCfg = Release|Any CPU
		{1AB0D67D-E4D7-449C-9A6F-1A627CE5D728}.Release|Any CPU.Build.0 = Release|Any CPU
		{1AB0D67D-E4D7-449C-9A6F-1A627CE5D728}.Release|x64.ActiveCfg = Release|Any CPU
		{1AB0D67D-E4D7-449C-9A6F-1A627CE5D728}.Release|x64.Build.0 = Release|Any CPU
		{1AB0D67D-E4D7-449C-9A6F-1A627CE5D728}.Release|x86.ActiveCfg = Release|Any CPU
		{1AB0D67D-E4D7-449C-9A6F-1A627CE5D728}.Release|x86.Build.0 = Release|Any CPU
	EndGlobalSection
EndGlobal
