
Microsoft Visual Studio Solution File, Format Version 12.00
# Visual Studio Version 17
VisualStudioVersion = 17.0.31903.59
MinimumVisualStudioVersion = 10.0.40219.1
Project("{FAE04EC0-301F-11D3-BF4B-00C04F79EFBC}") = "task08", "task08\task08.csproj", "{840C4909-D74D-42C5-9F21-A7186409B5C1}"
EndProject
Project("{FAE04EC0-301F-11D3-BF4B-00C04F79EFBC}") = "task08tests", "task08tests\task08tests.csproj", "{FFDDACDE-E6B9-4862-842E-3B91FDF3C470}"
EndProject
Project("{FAE04EC0-301F-11D3-BF4B-00C04F79EFBC}") = "CommandLib", "CommandLib\CommandLib.csproj", "{5723DE40-ED08-4546-BBCC-58CE6DA04C0C}"
EndProject
Project("{FAE04EC0-301F-11D3-BF4B-00C04F79EFBC}") = "FileSystemCommands", "FileSystemCommands\FileSystemCommands.csproj", "{4A246B44-CF10-4880-9602-D3CB2F398984}"
EndProject
Project("{FAE04EC0-301F-11D3-BF4B-00C04F79EFBC}") = "CommandRunner", "CommandRunner\CommandRunner.csproj", "{51B072F1-1224-45B6-87D2-21E71054FF2D}"
EndProject
Global
	GlobalSection(SolutionProperties) = preSolution
		HideSolutionNode = FALSE
	EndGlobalSection
	GlobalSection(SolutionConfigurationPlatforms) = preSolution
		Debug|Any CPU = Debug|Any CPU
		Debug|x64 = Debug|x64
		Debug|x86 = Debug|x86
		Release|Any CPU = Release|Any CPU
		Release|x64 = Release|x64
		Release|x86 = Release|x86
	EndGlobalSection
	GlobalSection(ProjectConfigurationPlatforms) = postSolution
		{840C4909-D74D-42C5-9F21-A7186409B5C1}.Debug|Any CPU.ActiveCfg = Debug|Any CPU
		{840C4909-D74D-42C5-9F21-A7186409B5C1}.Debug|Any CPU.Build.0 = Debug|Any CPU
		{840C4909-D74D-42C5-9F21-A7186409B5C1}.Debug|x64.ActiveCfg = Debug|Any CPU
		{840C4909-D74D-42C5-9F21-A7186409B5C1}.Debug|x64.Build.0 = Debug|Any CPU
		{840C4909-D74D-42C5-9F21-A7186409B5C1}.Debug|x86.ActiveCfg = Debug|Any CPU
		{840C4909-D74D-42C5-9F21-A7186409B5C1}.Debug|x86.Build.0 = Debug|Any CPU
		{840C4909-D74D-42C5-9F21-A7186409B5C1}.Release|Any CPU.ActiveCfg = Release|Any CPU
		{840C4909-D74D-42C5-9F21-A7186409B5C1}.Release|Any CPU.Build.0 = Release|Any CPU
		{840C4909-D74D-42C5-9F21-A7186409B5C1}.Release|x64.ActiveCfg = Release|Any CPU
		{840C4909-D74D-42C5-9F21-A7186409B5C1}.Release|x64.Build.0 = Release|Any CPU
		{840C4909-D74D-42C5-9F21-A7186409B5C1}.Release|x86.ActiveCfg = Release|Any CPU
		{840C4909-D74D-42C5-9F21-A7186409B5C1}.Release|x86.Build.0 = Release|Any CPU
		{FFDDACDE-E6B9-4862-842E-3B91FDF3C470}.Debug|Any CPU.ActiveCfg = Debug|Any CPU
		{FFDDACDE-E6B9-4862-842E-3B91FDF3C470}.Debug|Any CPU.Build.0 = Debug|Any CPU
		{FFDDACDE-E6B9-4862-842E-3B91FDF3C470}.Debug|x64.ActiveCfg = Debug|Any CPU
		{FFDDACDE-E6B9-4862-842E-3B91FDF3C470}.Debug|x64.Build.0 = Debug|Any CPU
		{FFDDACDE-E6B9-4862-842E-3B91FDF3C470}.Debug|x86.ActiveCfg = Debug|Any CPU
		{FFDDACDE-E6B9-4862-842E-3B91FDF3C470}.Debug|x86.Build.0 = Debug|Any CPU
		{FFDDACDE-E6B9-4862-842E-3B91FDF3C470}.Release|Any CPU.ActiveCfg = Release|Any CPU
		{FFDDACDE-E6B9-4862-842E-3B91FDF3C470}.Release|Any CPU.Build.0 = Release|Any CPU
		{FFDDACDE-E6B9-4862-842E-3B91FDF3C470}.Release|x64.ActiveCfg = Release|Any CPU
		{FFDDACDE-E6B9-4862-842E-3B91FDF3C470}.Release|x64.Build.0 = Release|Any CPU
		{FFDDACDE-E6B9-4862-842E-3B91FDF3C470}.Release|x86.ActiveCfg = Release|Any CPU
		{FFDDACDE-E6B9-4862-842E-3B91FDF3C470}.Release|x86.Build.0 = Release|Any CPU
		{5723DE40-ED08-4546-BBCC-58CE6DA04C0C}.Debug|Any CPU.ActiveCfg = Debug|Any CPU
		{5723DE40-ED08-4546-BBCC-58CE6DA04C0C}.Debug|Any CPU.Build.0 = Debug|Any CPU
		{5723DE40-ED08-4546-BBCC-58CE6DA04C0C}.Debug|x64.ActiveCfg = Debug|Any CPU
		{5723DE40-ED08-4546-BBCC-58CE6DA04C0C}.Debug|x64.Build.0 = Debug|Any CPU
		{5723DE40-ED08-4546-BBCC-58CE6DA04C0C}.Debug|x86.ActiveCfg = Debug|Any CPU
		{5723DE40-ED08-4546-BBCC-58CE6DA04C0C}.Debug|x86.Build.0 = Debug|Any CPU
		{5723DE40-ED08-4546-BBCC-58CE6DA04C0C}.Release|Any CPU.ActiveCfg = Release|Any CPU
		{5723DE40-ED08-4546-BBCC-58CE6DA04C0C}.Release|Any CPU.Build.0 = Release|Any CPU
		{5723DE40-ED08-4546-BBCC-58CE6DA04C0C}.Release|x64.ActiveCfg = Release|Any CPU
		{5723DE40-ED08-4546-BBCC-58CE6DA04C0C}.Release|x64.Build.0 = Release|Any CPU
		{5723DE40-ED08-4546-BBCC-58CE6DA04C0C}.Release|x86.ActiveCfg = Release|Any CPU
		{5723DE40-ED08-4546-BBCC-58CE6DA04C0C}.Release|x86.Build.0 = Release|Any CPU
		{4A246B44-CF10-4880-9602-D3CB2F398984}.Debug|Any CPU.ActiveCfg = Debug|Any CPU
		{4A246B44-CF10-4880-9602-D3CB2F398984}.Debug|Any CPU.Build.0 = Debug|Any CPU
		{4A246B44-CF10-4880-9602-D3CB2F398984}.Debug|x64.ActiveCfg = Debug|Any CPU
		{4A246B44-CF10-4880-9602-D3CB2F398984}.Debug|x64.Build.0 = Debug|Any CPU
		{4A246B44-CF10-4880-9602-D3CB2F398984}.Debug|x86.ActiveCfg = Debug|Any CPU
		{4A246B44-CF10-4880-9602-D3CB2F398984}.Debug|x86.Build.0 = Debug|Any CPU
		{4A246B44-CF10-4880-9602-D3CB2F398984}.Release|Any CPU.ActiveCfg = Release|Any CPU
		{4A246B44-CF10-4880-9602-D3CB2F398984}.Release|Any CPU.Build.0 = Release|Any CPU
		{4A246B44-CF10-4880-9602-D3CB2F398984}.Release|x64.ActiveCfg = Release|Any CPU
		{4A246B44-CF10-4880-9602-D3CB2F398984}.Release|x64.Build.0 = Release|Any CPU
		{4A246B44-CF10-4880-9602-D3CB2F398984}.Release|x86.ActiveCfg = Release|Any CPU
		{4A246B44-CF10-4880-9602-D3CB2F398984}.Release|x86.Build.0 = Release|Any CPU
		{51B072F1-1224-45B6-87D2-21E71054FF2D}.Debug|Any CPU.ActiveCfg = Debug|Any CPU
		{51B072F1-1224-45B6-87D2-21E71054FF2D}.Debug|Any CPU.Build.0 = Debug|Any CPU
		{51B072F1-1224-45B6-87D2-21E71054FF2D}.Debug|x64.ActiveCfg = Debug|Any CPU
		{51B072F1-1224-45B6-87D2-21E71054FF2D}.Debug|x64.Build.0 = Debug|Any CPU
		{51B072F1-1224-45B6-87D2-21E71054FF2D}.Debug|x86.ActiveCfg = Debug|Any CPU
		{51B072F1-1224-45B6-87D2-21E71054FF2D}.Debug|x86.Build.0 = Debug|Any CPU
		{51B072F1-1224-45B6-87D2-21E71054FF2D}.Release|Any CPU.ActiveCfg = Release|Any CPU
		{51B072F1-1224-45B6-87D2-21E71054FF2D}.Release|Any CPU.Build.0 = Release|Any CPU
		{51B072F1-1224-45B6-87D2-21E71054FF2D}.Release|x64.ActiveCfg = Release|Any CPU
		{51B072F1-1224-45B6-87D2-21E71054FF2D}.Release|x64.Build.0 = Release|Any CPU
		{51B072F1-1224-45B6-87D2-21E71054FF2D}.Release|x86.ActiveCfg = Release|Any CPU
		{51B072F1-1224-45B6-87D2-21E71054FF2D}.Release|x86.Build.0 = Release|Any CPU
	EndGlobalSection
EndGlobal
